
Microsoft Visual Studio Solution File, Format Version 12.00
# Visual Studio Version 17
VisualStudioVersion = 17.0.32126.317
MinimumVisualStudioVersion = 10.0.40219.1
Project("{9A19103F-16F7-4668-BE54-9A1E7A4F7556}") = "{{cookiecutter.project_name}}", "WebshopAPI\{{cookiecutter.project_name}}.csproj", "{23919971-31AB-474A-B012-17115D0E3E8E}"
EndProject
Project("{2150E333-8FDC-42A3-9474-1A3956D46DE8}") = "Solution Items", "Solution Items", "{05A78A23-4A88-456E-A7E5-DF456A0BA25E}"
	ProjectSection(SolutionItems) = preProject
		cookiecutter.json = cookiecutter.json
	EndProjectSection
EndProject
Global
	GlobalSection(SolutionConfigurationPlatforms) = preSolution
		Debug|Any CPU = Debug|Any CPU
		Release|Any CPU = Release|Any CPU
	EndGlobalSection
	GlobalSection(ProjectConfigurationPlatforms) = postSolution
		{23919971-31AB-474A-B012-17115D0E3E8E}.Debug|Any CPU.ActiveCfg = Debug|Any CPU
		{23919971-31AB-474A-B012-17115D0E3E8E}.Debug|Any CPU.Build.0 = Debug|Any CPU
		{23919971-31AB-474A-B012-17115D0E3E8E}.Release|Any CPU.ActiveCfg = Release|Any CPU
		{23919971-31AB-474A-B012-17115D0E3E8E}.Release|Any CPU.Build.0 = Release|Any CPU
	EndGlobalSection
	GlobalSection(SolutionProperties) = preSolution
		HideSolutionNode = FALSE
	EndGlobalSection
	GlobalSection(ExtensibilityGlobals) = postSolution
		SolutionGuid = {4BD624AB-5EDD-4B0E-A959-58ED13DACC20}
	EndGlobalSection
EndGlobal
